// !$*UTF8*$!
{
	archiveVersion = 1;
	classes = {
	};
	objectVersion = 50;
	objects = {

/* Begin PBXBuildFile section */
		491EBDDC20E8C19500B47367 /* CustomDatePickerCell.swift in Sources */ = {isa = PBXBuildFile; fileRef = 491EBDDB20E8C19500B47367 /* CustomDatePickerCell.swift */; };
		4975F77E20CE36C8003EB5A1 /* AppDelegate.swift in Sources */ = {isa = PBXBuildFile; fileRef = 4975F77D20CE36C8003EB5A1 /* AppDelegate.swift */; };
		4975F78020CE36C8003EB5A1 /* ViewController.swift in Sources */ = {isa = PBXBuildFile; fileRef = 4975F77F20CE36C8003EB5A1 /* ViewController.swift */; };
		4975F78220CE36CA003EB5A1 /* Assets.xcassets in Resources */ = {isa = PBXBuildFile; fileRef = 4975F78120CE36CA003EB5A1 /* Assets.xcassets */; };
		4975F78520CE36CA003EB5A1 /* Main.storyboard in Resources */ = {isa = PBXBuildFile; fileRef = 4975F78320CE36CA003EB5A1 /* Main.storyboard */; };
		4975F78E20CE3E35003EB5A1 /* CustomDatePicker.swift in Sources */ = {isa = PBXBuildFile; fileRef = 4975F78D20CE3E35003EB5A1 /* CustomDatePicker.swift */; };
		4975F79C20CE49AE003EB5A1 /* DateEditorWindowController.xib in Resources */ = {isa = PBXBuildFile; fileRef = 4975F79720CE49AD003EB5A1 /* DateEditorWindowController.xib */; };
		4975F79F20CE4A71003EB5A1 /* DateEditorWindow.swift in Sources */ = {isa = PBXBuildFile; fileRef = 4975F79E20CE4A71003EB5A1 /* DateEditorWindow.swift */; };
		4975F7A120CE4E93003EB5A1 /* DateEditorWindowController.swift in Sources */ = {isa = PBXBuildFile; fileRef = 4975F7A020CE4E93003EB5A1 /* DateEditorWindowController.swift */; };
		4975F7A720CEE79E003EB5A1 /* DateEditorContentView.swift in Sources */ = {isa = PBXBuildFile; fileRef = 4975F7A620CEE79E003EB5A1 /* DateEditorContentView.swift */; };
/* End PBXBuildFile section */

/* Begin PBXFileReference section */
		491EBDDB20E8C19500B47367 /* CustomDatePickerCell.swift */ = {isa = PBXFileReference; lastKnownFileType = sourcecode.swift; path = CustomDatePickerCell.swift; sourceTree = "<group>"; };
		4975F77A20CE36C8003EB5A1 /* macOS Calendar like DatePicker.app */ = {isa = PBXFileReference; explicitFileType = wrapper.application; includeInIndex = 0; path = "macOS Calendar like DatePicker.app"; sourceTree = BUILT_PRODUCTS_DIR; };
		4975F77D20CE36C8003EB5A1 /* AppDelegate.swift */ = {isa = PBXFileReference; lastKnownFileType = sourcecode.swift; path = AppDelegate.swift; sourceTree = "<group>"; };
		4975F77F20CE36C8003EB5A1 /* ViewController.swift */ = {isa = PBXFileReference; lastKnownFileType = sourcecode.swift; path = ViewController.swift; sourceTree = "<group>"; };
		4975F78120CE36CA003EB5A1 /* Assets.xcassets */ = {isa = PBXFileReference; lastKnownFileType = folder.assetcatalog; path = Assets.xcassets; sourceTree = "<group>"; };
		4975F78420CE36CA003EB5A1 /* Base */ = {isa = PBXFileReference; lastKnownFileType = file.storyboard; name = Base; path = Base.lproj/Main.storyboard; sourceTree = "<group>"; };
		4975F78620CE36CA003EB5A1 /* Info.plist */ = {isa = PBXFileReference; lastKnownFileType = text.plist.xml; path = Info.plist; sourceTree = "<group>"; };
		4975F78720CE36CA003EB5A1 /* macOS_Calendar_like_DatePicker.entitlements */ = {isa = PBXFileReference; lastKnownFileType = text.plist.entitlements; path = macOS_Calendar_like_DatePicker.entitlements; sourceTree = "<group>"; };
		4975F78D20CE3E35003EB5A1 /* CustomDatePicker.swift */ = {isa = PBXFileReference; lastKnownFileType = sourcecode.swift; path = CustomDatePicker.swift; sourceTree = "<group>"; };
		4975F79720CE49AD003EB5A1 /* DateEditorWindowController.xib */ = {isa = PBXFileReference; fileEncoding = 4; lastKnownFileType = file.xib; path = DateEditorWindowController.xib; sourceTree = "<group>"; };
		4975F79E20CE4A71003EB5A1 /* DateEditorWindow.swift */ = {isa = PBXFileReference; lastKnownFileType = sourcecode.swift; path = DateEditorWindow.swift; sourceTree = "<group>"; };
		4975F7A020CE4E93003EB5A1 /* DateEditorWindowController.swift */ = {isa = PBXFileReference; lastKnownFileType = sourcecode.swift; path = DateEditorWindowController.swift; sourceTree = "<group>"; };
		4975F7A620CEE79E003EB5A1 /* DateEditorContentView.swift */ = {isa = PBXFileReference; lastKnownFileType = sourcecode.swift; path = DateEditorContentView.swift; sourceTree = "<group>"; };
/* End PBXFileReference section */

/* Begin PBXFrameworksBuildPhase section */
		4975F77720CE36C8003EB5A1 /* Frameworks */ = {
			isa = PBXFrameworksBuildPhase;
			buildActionMask = 2147483647;
			files = (
			);
			runOnlyForDeploymentPostprocessing = 0;
		};
/* End PBXFrameworksBuildPhase section */

/* Begin PBXGroup section */
		4975F77120CE36C8003EB5A1 = {
			isa = PBXGroup;
			children = (
				4975F77C20CE36C8003EB5A1 /* macOS Calendar like DatePicker */,
				4975F77B20CE36C8003EB5A1 /* Products */,
			);
			sourceTree = "<group>";
		};
		4975F77B20CE36C8003EB5A1 /* Products */ = {
			isa = PBXGroup;
			children = (
				4975F77A20CE36C8003EB5A1 /* macOS Calendar like DatePicker.app */,
			);
			name = Products;
			sourceTree = "<group>";
		};
		4975F77C20CE36C8003EB5A1 /* macOS Calendar like DatePicker */ = {
			isa = PBXGroup;
			children = (
				4975F77D20CE36C8003EB5A1 /* AppDelegate.swift */,
				4975F77F20CE36C8003EB5A1 /* ViewController.swift */,
				4975F78D20CE3E35003EB5A1 /* CustomDatePicker.swift */,
				491EBDDB20E8C19500B47367 /* CustomDatePickerCell.swift */,
				4975F79D20CE49BA003EB5A1 /* DateEditorWindow */,
				4975F78120CE36CA003EB5A1 /* Assets.xcassets */,
				4975F78320CE36CA003EB5A1 /* Main.storyboard */,
				4975F78620CE36CA003EB5A1 /* Info.plist */,
				4975F78720CE36CA003EB5A1 /* macOS_Calendar_like_DatePicker.entitlements */,
			);
			path = "macOS Calendar like DatePicker";
			sourceTree = "<group>";
		};
		4975F79D20CE49BA003EB5A1 /* DateEditorWindow */ = {
			isa = PBXGroup;
			children = (
				4975F7A020CE4E93003EB5A1 /* DateEditorWindowController.swift */,
				4975F79720CE49AD003EB5A1 /* DateEditorWindowController.xib */,
				4975F7A620CEE79E003EB5A1 /* DateEditorContentView.swift */,
				4975F79E20CE4A71003EB5A1 /* DateEditorWindow.swift */,
			);
			path = DateEditorWindow;
			sourceTree = "<group>";
		};
/* End PBXGroup section */

/* Begin PBXNativeTarget section */
		4975F77920CE36C8003EB5A1 /* macOS Calendar like DatePicker */ = {
			isa = PBXNativeTarget;
			buildConfigurationList = 4975F78A20CE36CA003EB5A1 /* Build configuration list for PBXNativeTarget "macOS Calendar like DatePicker" */;
			buildPhases = (
				4975F77620CE36C8003EB5A1 /* Sources */,
				4975F77720CE36C8003EB5A1 /* Frameworks */,
				4975F77820CE36C8003EB5A1 /* Resources */,
			);
			buildRules = (
			);
			dependencies = (
			);
			name = "macOS Calendar like DatePicker";
			productName = "macOS Calendar like DatePicker";
			productReference = 4975F77A20CE36C8003EB5A1 /* macOS Calendar like DatePicker.app */;
			productType = "com.apple.product-type.application";
		};
/* End PBXNativeTarget section */

/* Begin PBXProject section */
		4975F77220CE36C8003EB5A1 /* Project object */ = {
			isa = PBXProject;
			attributes = {
				LastSwiftUpdateCheck = 1000;
				LastUpgradeCheck = 1000;
				ORGANIZATIONNAME = Celmaro;
				TargetAttributes = {
					4975F77920CE36C8003EB5A1 = {
						CreatedOnToolsVersion = 10.0;
						LastSwiftMigration = 1000;
					};
				};
			};
			buildConfigurationList = 4975F77520CE36C8003EB5A1 /* Build configuration list for PBXProject "macOS Calendar like DatePicker" */;
			compatibilityVersion = "Xcode 9.3";
			developmentRegion = en;
			hasScannedForEncodings = 0;
			knownRegions = (
				en,
				Base,
			);
			mainGroup = 4975F77120CE36C8003EB5A1;
			productRefGroup = 4975F77B20CE36C8003EB5A1 /* Products */;
			projectDirPath = "";
			projectRoot = "";
			targets = (
				4975F77920CE36C8003EB5A1 /* macOS Calendar like DatePicker */,
			);
		};
/* End PBXProject section */

/* Begin PBXResourcesBuildPhase section */
		4975F77820CE36C8003EB5A1 /* Resources */ = {
			isa = PBXResourcesBuildPhase;
			buildActionMask = 2147483647;
			files = (
				4975F78220CE36CA003EB5A1 /* Assets.xcassets in Resources */,
				4975F78520CE36CA003EB5A1 /* Main.storyboard in Resources */,
				4975F79C20CE49AE003EB5A1 /* DateEditorWindowController.xib in Resources */,
			);
			runOnlyForDeploymentPostprocessing = 0;
		};
/* End PBXResourcesBuildPhase section */

/* Begin PBXSourcesBuildPhase section */
		4975F77620CE36C8003EB5A1 /* Sources */ = {
			isa = PBXSourcesBuildPhase;
			buildActionMask = 2147483647;
			files = (
				4975F7A720CEE79E003EB5A1 /* DateEditorContentView.swift in Sources */,
				491EBDDC20E8C19500B47367 /* CustomDatePickerCell.swift in Sources */,
				4975F79F20CE4A71003EB5A1 /* DateEditorWindow.swift in Sources */,
				4975F78020CE36C8003EB5A1 /* ViewController.swift in Sources */,
				4975F77E20CE36C8003EB5A1 /* AppDelegate.swift in Sources */,
				4975F78E20CE3E35003EB5A1 /* CustomDatePicker.swift in Sources */,
				4975F7A120CE4E93003EB5A1 /* DateEditorWindowController.swift in Sources */,
			);
			runOnlyForDeploymentPostprocessing = 0;
		};
/* End PBXSourcesBuildPhase section */

/* Begin PBXVariantGroup section */
		4975F78320CE36CA003EB5A1 /* Main.storyboard */ = {
			isa = PBXVariantGroup;
			children = (
				4975F78420CE36CA003EB5A1 /* Base */,
			);
			name = Main.storyboard;
			sourceTree = "<group>";
		};
/* End PBXVariantGroup section */

/* Begin XCBuildConfiguration section */
		4975F78820CE36CA003EB5A1 /* Debug */ = {
			isa = XCBuildConfiguration;
			buildSettings = {
				ALWAYS_SEARCH_USER_PATHS = NO;
				CLANG_ANALYZER_NONNULL = YES;
				CLANG_ANALYZER_NUMBER_OBJECT_CONVERSION = YES_AGGRESSIVE;
				CLANG_CXX_LANGUAGE_STANDARD = "gnu++14";
				CLANG_CXX_LIBRARY = "libc++";
				CLANG_ENABLE_MODULES = YES;
				CLANG_ENABLE_OBJC_ARC = YES;
				CLANG_ENABLE_OBJC_WEAK = YES;
				CLANG_WARN_BLOCK_CAPTURE_AUTORELEASING = YES;
				CLANG_WARN_BOOL_CONVERSION = YES;
				CLANG_WARN_COMMA = YES;
				CLANG_WARN_CONSTANT_CONVERSION = YES;
				CLANG_WARN_DEPRECATED_OBJC_IMPLEMENTATIONS = YES;
				CLANG_WARN_DIRECT_OBJC_ISA_USAGE = YES_ERROR;
				CLANG_WARN_DOCUMENTATION_COMMENTS = YES;
				CLANG_WARN_EMPTY_BODY = YES;
				CLANG_WARN_ENUM_CONVERSION = YES;
				CLANG_WARN_INFINITE_RECURSION = YES;
				CLANG_WARN_INT_CONVERSION = YES;
				CLANG_WARN_NON_LITERAL_NULL_CONVERSION = YES;
				CLANG_WARN_OBJC_IMPLICIT_RETAIN_SELF = YES;
				CLANG_WARN_OBJC_LITERAL_CONVERSION = YES;
				CLANG_WARN_OBJC_ROOT_CLASS = YES_ERROR;
				CLANG_WARN_RANGE_LOOP_ANALYSIS = YES;
				CLANG_WARN_STRICT_PROTOTYPES = YES;
				CLANG_WARN_SUSPICIOUS_MOVE = YES;
				CLANG_WARN_UNGUARDED_AVAILABILITY = YES_AGGRESSIVE;
				CLANG_WARN_UNREACHABLE_CODE = YES;
				CLANG_WARN__DUPLICATE_METHOD_MATCH = YES;
				CODE_SIGN_IDENTITY = "Mac Developer";
				COPY_PHASE_STRIP = NO;
				DEBUG_INFORMATION_FORMAT = dwarf;
				ENABLE_STRICT_OBJC_MSGSEND = YES;
				ENABLE_TESTABILITY = YES;
				GCC_C_LANGUAGE_STANDARD = gnu11;
				GCC_DYNAMIC_NO_PIC = NO;
				GCC_NO_COMMON_BLOCKS = YES;
				GCC_OPTIMIZATION_LEVEL = 0;
				GCC_PREPROCESSOR_DEFINITIONS = (
					"DEBUG=1",
					"$(inherited)",
				);
				GCC_WARN_64_TO_32_BIT_CONVERSION = YES;
				GCC_WARN_ABOUT_RETURN_TYPE = YES_ERROR;
				GCC_WARN_UNDECLARED_SELECTOR = YES;
				GCC_WARN_UNINITIALIZED_AUTOS = YES_AGGRESSIVE;
				GCC_WARN_UNUSED_FUNCTION = YES;
				GCC_WARN_UNUSED_VARIABLE = YES;
				MACOSX_DEPLOYMENT_TARGET = 10.14;
				MTL_ENABLE_DEBUG_INFO = INCLUDE_SOURCE;
				ONLY_ACTIVE_ARCH = YES;
				SDKROOT = macosx;
				SWIFT_ACTIVE_COMPILATION_CONDITIONS = DEBUG;
				SWIFT_OPTIMIZATION_LEVEL = "-Onone";
			};
			name = Debug;
		};
		4975F78920CE36CA003EB5A1 /* Release */ = {
			isa = XCBuildConfiguration;
			buildSettings = {
				ALWAYS_SEARCH_USER_PATHS = NO;
				CLANG_ANALYZER_NONNULL = YES;
				CLANG_ANALYZER_NUMBER_OBJECT_CONVERSION = YES_AGGRESSIVE;
				CLANG_CXX_LANGUAGE_STANDARD = "gnu++14";
				CLANG_CXX_LIBRARY = "libc++";
				CLANG_ENABLE_MODULES = YES;
				CLANG_ENABLE_OBJC_ARC = YES;
				CLANG_ENABLE_OBJC_WEAK = YES;
				CLANG_WARN_BLOCK_CAPTURE_AUTORELEASING = YES;
				CLANG_WARN_BOOL_CONVERSION = YES;
				CLANG_WARN_COMMA = YES;
				CLANG_WARN_CONSTANT_CONVERSION = YES;
				CLANG_WARN_DEPRECATED_OBJC_IMPLEMENTATIONS = YES;
				CLANG_WARN_DIRECT_OBJC_ISA_USAGE = YES_ERROR;
				CLANG_WARN_DOCUMENTATION_COMMENTS = YES;
				CLANG_WARN_EMPTY_BODY = YES;
				CLANG_WARN_ENUM_CONVERSION = YES;
				CLANG_WARN_INFINITE_RECURSION = YES;
				CLANG_WARN_INT_CONVERSION = YES;
				CLANG_WARN_NON_LITERAL_NULL_CONVERSION = YES;
				CLANG_WARN_OBJC_IMPLICIT_RETAIN_SELF = YES;
				CLANG_WARN_OBJC_LITERAL_CONVERSION = YES;
				CLANG_WARN_OBJC_ROOT_CLASS = YES_ERROR;
				CLANG_WARN_RANGE_LOOP_ANALYSIS = YES;
				CLANG_WARN_STRICT_PROTOTYPES = YES;
				CLANG_WARN_SUSPICIOUS_MOVE = YES;
				CLANG_WARN_UNGUARDED_AVAILABILITY = YES_AGGRESSIVE;
				CLANG_WARN_UNREACHABLE_CODE = YES;
				CLANG_WARN__DUPLICATE_METHOD_MATCH = YES;
				CODE_SIGN_IDENTITY = "Mac Developer";
				COPY_PHASE_STRIP = NO;
				DEBUG_INFORMATION_FORMAT = "dwarf-with-dsym";
				ENABLE_NS_ASSERTIONS = NO;
				ENABLE_STRICT_OBJC_MSGSEND = YES;
				GCC_C_LANGUAGE_STANDARD = gnu11;
				GCC_NO_COMMON_BLOCKS = YES;
				GCC_WARN_64_TO_32_BIT_CONVERSION = YES;
				GCC_WARN_ABOUT_RETURN_TYPE = YES_ERROR;
				GCC_WARN_UNDECLARED_SELECTOR = YES;
				GCC_WARN_UNINITIALIZED_AUTOS = YES_AGGRESSIVE;
				GCC_WARN_UNUSED_FUNCTION = YES;
				GCC_WARN_UNUSED_VARIABLE = YES;
				MACOSX_DEPLOYMENT_TARGET = 10.14;
				MTL_ENABLE_DEBUG_INFO = NO;
				SDKROOT = macosx;
				SWIFT_COMPILATION_MODE = wholemodule;
				SWIFT_OPTIMIZATION_LEVEL = "-O";
			};
			name = Release;
		};
		4975F78B20CE36CA003EB5A1 /* Debug */ = {
			isa = XCBuildConfiguration;
			buildSettings = {
				ASSETCATALOG_COMPILER_APPICON_NAME = AppIcon;
				CLANG_ENABLE_MODULES = YES;
				CODE_SIGN_ENTITLEMENTS = "macOS Calendar like DatePicker/macOS_Calendar_like_DatePicker.entitlements";
				CODE_SIGN_STYLE = Automatic;
				COMBINE_HIDPI_IMAGES = YES;
				DEVELOPMENT_TEAM = 77B3C6Z23J;
				INFOPLIST_FILE = "macOS Calendar like DatePicker/Info.plist";
				LD_RUNPATH_SEARCH_PATHS = (
					"$(inherited)",
					"@executable_path/../Frameworks",
				);
				PRODUCT_BUNDLE_IDENTIFIER = "com.celmaro.macOS-Calendar-like-DatePicker";
				PRODUCT_NAME = "$(TARGET_NAME)";
				SWIFT_OPTIMIZATION_LEVEL = "-Onone";
				SWIFT_VERSION = 4.2;
			};
			name = Debug;
		};
		4975F78C20CE36CA003EB5A1 /* Release */ = {
			isa = XCBuildConfiguration;
			buildSettings = {
				ASSETCATALOG_COMPILER_APPICON_NAME = AppIcon;
				CLANG_ENABLE_MODULES = YES;
				CODE_SIGN_ENTITLEMENTS = "macOS Calendar like DatePicker/macOS_Calendar_like_DatePicker.entitlements";
				CODE_SIGN_STYLE = Automatic;
				COMBINE_HIDPI_IMAGES = YES;
				DEVELOPMENT_TEAM = 77B3C6Z23J;
				INFOPLIST_FILE = "macOS Calendar like DatePicker/Info.plist";
				LD_RUNPATH_SEARCH_PATHS = (
					"$(inherited)",
					"@executable_path/../Frameworks",
				);
				PRODUCT_BUNDLE_IDENTIFIER = "com.celmaro.macOS-Calendar-like-DatePicker";
				PRODUCT_NAME = "$(TARGET_NAME)";
				SWIFT_VERSION = 4.2;
			};
			name = Release;
		};
/* End XCBuildConfiguration section */

/* Begin XCConfigurationList section */
		4975F77520CE36C8003EB5A1 /* Build configuration list for PBXProject "macOS Calendar like DatePicker" */ = {
			isa = XCConfigurationList;
			buildConfigurations = (
				4975F78820CE36CA003EB5A1 /* Debug */,
				4975F78920CE36CA003EB5A1 /* Release */,
			);
			defaultConfigurationIsVisible = 0;
			defaultConfigurationName = Release;
		};
		4975F78A20CE36CA003EB5A1 /* Build configuration list for PBXNativeTarget "macOS Calendar like DatePicker" */ = {
			isa = XCConfigurationList;
			buildConfigurations = (
				4975F78B20CE36CA003EB5A1 /* Debug */,
				4975F78C20CE36CA003EB5A1 /* Release */,
			);
			defaultConfigurationIsVisible = 0;
			defaultConfigurationName = Release;
		};
/* End XCConfigurationList section */
	};
	rootObject = 4975F77220CE36C8003EB5A1 /* Project object */;
}
